
Microsoft Visual Studio Solution File, Format Version 12.00
# Visual Studio Version 16
VisualStudioVersion = 16.0.31729.503
MinimumVisualStudioVersion = 10.0.40219.1
Project("{FAE04EC0-301F-11D3-BF4B-00C04F79EFBC}") = "AnimalAdoptionWebSite", "AnimalAdoptionWebSite\AnimalAdoptionWebSite.csproj", "{79D55330-A317-4746-8E04-51166B3AA85C}"
EndProject
Global
	GlobalSection(SolutionConfigurationPlatforms) = preSolution
		Debug|Any CPU = Debug|Any CPU
		Release|Any CPU = Release|Any CPU
	EndGlobalSection
	GlobalSection(ProjectConfigurationPlatforms) = postSolution
		{79D55330-A317-4746-8E04-51166B3AA85C}.Debug|Any CPU.ActiveCfg = Debug|Any CPU
		{79D55330-A317-4746-8E04-51166B3AA85C}.Debug|Any CPU.Build.0 = Debug|Any CPU
		{79D55330-A317-4746-8E04-51166B3AA85C}.Release|Any CPU.ActiveCfg = Release|Any CPU
		{79D55330-A317-4746-8E04-51166B3AA85C}.Release|Any CPU.Build.0 = Release|Any CPU
	EndGlobalSection
	GlobalSection(SolutionProperties) = preSolution
		HideSolutionNode = FALSE
	EndGlobalSection
	GlobalSection(ExtensibilityGlobals) = postSolution
		SolutionGuid = {930090BB-9D5C-4DBE-80D4-C9D435ADB709}
	EndGlobalSection
EndGlobal
